
Microsoft Visual Studio Solution File, Format Version 12.00
# Visual Studio Version 17
VisualStudioVersion = 17.7.34031.279
MinimumVisualStudioVersion = 10.0.40219.1
Project("{FAE04EC0-301F-11D3-BF4B-00C04F79EFBC}") = "EJCutOver", "EJCutOver\EJCutOver.csproj", "{3F0235BB-89B7-4461-8B8E-C8655A93771A}"
EndProject
Global
	GlobalSection(SolutionConfigurationPlatforms) = preSolution
		Debug|Any CPU = Debug|Any CPU
		Release|Any CPU = Release|Any CPU
	EndGlobalSection
	GlobalSection(ProjectConfigurationPlatforms) = postSolution
		{3F0235BB-89B7-4461-8B8E-C8655A93771A}.Debug|Any CPU.ActiveCfg = Debug|Any CPU
		{3F0235BB-89B7-4461-8B8E-C8655A93771A}.Debug|Any CPU.Build.0 = Debug|Any CPU
		{3F0235BB-89B7-4461-8B8E-C8655A93771A}.Release|Any CPU.ActiveCfg = Release|Any CPU
		{3F0235BB-89B7-4461-8B8E-C8655A93771A}.Release|Any CPU.Build.0 = Release|Any CPU
	EndGlobalSection
	GlobalSection(SolutionProperties) = preSolution
		HideSolutionNode = FALSE
	EndGlobalSection
	GlobalSection(ExtensibilityGlobals) = postSolution
		SolutionGuid = {2E7BCDE8-9B92-454A-B129-F6D82245E26C}
	EndGlobalSection
EndGlobal
